{
    "_readme": [
        "This file locks the dependencies of your project to a known state",
        "Read more about it at http://getcomposer.org/doc/01-basic-usage.md#composer-lock-the-lock-file",
        "This file is @generated automatically"
    ],
    "hash": "fb736654fc69041f679b0aa8779877d8",
    "packages": [
        {
            "name": "abbe98/simple-pdo",
            "version": "2.0.0",
            "source": {
                "type": "git",
                "url": "https://github.com/Abbe98/Simple-PDO.git",
                "reference": "8352243af60efd8f7d75adb55b739749a0b4d98b"
            },
            "dist": {
                "type": "zip",
                "url": "https://api.github.com/repos/Abbe98/Simple-PDO/zipball/8352243af60efd8f7d75adb55b739749a0b4d98b",
                "reference": "8352243af60efd8f7d75adb55b739749a0b4d98b",
                "shasum": ""
            },
            "require": {
                "php": ">=5.0.0"
            },
            "type": "library",
            "autoload": {
                "files": [
                    "src/pdo.php"
                ]
            },
            "notification-url": "https://packagist.org/downloads/",
            "license": [
                "MIT"
            ],
            "authors": [
                {
                    "name": "Albin Larsson",
                    "homepage": "http://abbe98.github.io/"
                }
            ],
            "description": "A simpe PDO class for MariaDB and MySQL",
            "homepage": "https://github.com/Abbe98/Simple-PDO",
            "keywords": [
                "database",
                "mariadb",
                "mysql",
                "pdo"
            ],
            "time": "2014-12-23 14:54:46"
        }
    ],
    "packages-dev": [],
    "aliases": [],
    "minimum-stability": "stable",
    "stability-flags": [],
    "prefer-stable": false,
    "prefer-lowest": false,
    "platform": [],
    "platform-dev": []
}
